# This file was autogenerated by Stack.
# You should not edit this file by hand.
# For more information, please see the documentation at:
#   https://docs.haskellstack.org/en/stable/lock_files

packages:
- completed:
    hackage: network-multicast-0.3.2@sha256:521547635a6afae408ec25193b3e429082dc0442668dac7ad5cea76ccee39750,979
    pantry-tree:
      size: 393
      sha256: 3a7b55c4427288622cb2b21a14dd5b4da2a7b3bcad50384db9b0435a0aaacc65
  original:
    hackage: network-multicast-0.3.2@sha256:521547635a6afae408ec25193b3e429082dc0442668dac7ad5cea76ccee39750,979
- completed:
    cabal-file:
      size: 1120
      sha256: c598513cff2e3c68e0b572911ccd9283ef40affec25e34b0c7e0bb0224cf0e13
    name: FaceDataServer-hs
    version: 0.1.0.0
    git: https://github.com/Cj-bc/FaceDataServer-hs
    pantry-tree:
      size: 605
      sha256: 8cedd3ed118675dff5c42cd98fc814a298bb2ac046c87cd4e1b69c6dac5da41c
    commit: 64125d9b7846783d47c8622720f0a524d0565015
  original:
    git: https://github.com/Cj-bc/FaceDataServer-hs
    commit: 64125d9b7846783d47c8622720f0a524d0565015
snapshots:
- completed:
    size: 489011
    url: https://raw.githubusercontent.com/commercialhaskell/stackage-snapshots/master/lts/15/1.yaml
    sha256: d4ecc42b7125d68e4c3c036a08046ad0cd02ae0d9efbe3af2223a00ff8cc16f3
  original: lts-15.1
