# This file was autogenerated by Stack.
# You should not edit this file by hand.
# For more information, please see the documentation at:
#   https://docs.haskellstack.org/en/stable/lock_files

packages:
- completed:
    cabal-file:
      size: 1120
      sha256: c598513cff2e3c68e0b572911ccd9283ef40affec25e34b0c7e0bb0224cf0e13
    name: FaceDataServer-hs
    version: 0.1.0.0
    git: https://github.com/Cj-bc/FaceDataServer-hs
    pantry-tree:
      size: 605
      sha256: ead0304f1ed24b1a4d5bb8dd59f8596bfd81b46fe3b8c41e6f130fffd9488623
    commit: 1d4fa868e5e2ed08e7c0f683656d6f517e7aa38a
  original:
    git: https://github.com/Cj-bc/FaceDataServer-hs
    commit: 1d4fa868e5e2ed08e7c0f683656d6f517e7aa38a
snapshots:
- completed:
    size: 489011
    url: https://raw.githubusercontent.com/commercialhaskell/stackage-snapshots/master/lts/15/1.yaml
    sha256: d4ecc42b7125d68e4c3c036a08046ad0cd02ae0d9efbe3af2223a00ff8cc16f3
  original: lts-15.1
